
Microsoft Visual Studio Solution File, Format Version 12.00
# Visual Studio 15
VisualStudioVersion = 15.0.27703.2018
MinimumVisualStudioVersion = 10.0.40219.1
Project("{FAE04EC0-301F-11D3-BF4B-00C04F79EFBC}") = "Roadkill", "Roadkill\Roadkill.csproj", "{EAEC4A4C-FC84-44EF-9D58-83450830FE9D}"
EndProject
Global
	GlobalSection(SolutionConfigurationPlatforms) = preSolution
		Debug|Any CPU = Debug|Any CPU
		Release|Any CPU = Release|Any CPU
	EndGlobalSection
	GlobalSection(ProjectConfigurationPlatforms) = postSolution
		{EAEC4A4C-FC84-44EF-9D58-83450830FE9D}.Debug|Any CPU.ActiveCfg = Debug|Any CPU
		{EAEC4A4C-FC84-44EF-9D58-83450830FE9D}.Debug|Any CPU.Build.0 = Debug|Any CPU
		{EAEC4A4C-FC84-44EF-9D58-83450830FE9D}.Release|Any CPU.ActiveCfg = Release|Any CPU
		{EAEC4A4C-FC84-44EF-9D58-83450830FE9D}.Release|Any CPU.Build.0 = Release|Any CPU
	EndGlobalSection
	GlobalSection(SolutionProperties) = preSolution
		HideSolutionNode = FALSE
	EndGlobalSection
	GlobalSection(ExtensibilityGlobals) = postSolution
		SolutionGuid = {9CBA718B-0111-45D4-BFD4-C07A5885DD4B}
	EndGlobalSection
EndGlobal
